{
  "name": "werewolf",
  "requires": true,
  "lockfileVersion": 1,
  "dependencies": {
    "@babel/runtime": {
      "version": "7.27.4",
      "resolved": "https://registry.npmjs.org/@babel/runtime/-/runtime-7.27.4.tgz",
      "integrity": "sha512-t3yaEOuGu9NlIZ+hIeGbBjFtZT7j2cb2tg0fuaJKeGotchRjjLfrBA9Kwf8quhpP1EUuxModQg04q/mBwyg8uA=="
    }
  }
}
